// !$*UTF8*$!
{
	archiveVersion = 1;
	classes = {
	};
	objectVersion = 46;
	objects = {

/* Begin PBXBuildFile section */
		06E34FF81DAB2B72007B1804 /* main.swift in Sources */ = {isa = PBXBuildFile; fileRef = 06E34FF71DAB2B72007B1804 /* main.swift */; };
/* End PBXBuildFile section */

/* Begin PBXCopyFilesBuildPhase section */
		06E34FF21DAB2B71007B1804 /* CopyFiles */ = {
			isa = PBXCopyFilesBuildPhase;
			buildActionMask = 2147483647;
			dstPath = /usr/share/man/man1/;
			dstSubfolderSpec = 0;
			files = (
			);
			runOnlyForDeploymentPostprocessing = 1;
		};
/* End PBXCopyFilesBuildPhase section */

/* Begin PBXFileReference section */
		06E34FF41DAB2B72007B1804 /* CalcArrayPoints */ = {isa = PBXFileReference; explicitFileType = "compiled.mach-o.executable"; includeInIndex = 0; path = CalcArrayPoints; sourceTree = BUILT_PRODUCTS_DIR; };
		06E34FF71DAB2B72007B1804 /* main.swift */ = {isa = PBXFileReference; lastKnownFileType = sourcecode.swift; path = main.swift; sourceTree = "<group>"; };
/* End PBXFileReference section */

/* Begin PBXFrameworksBuildPhase section */
		06E34FF11DAB2B71007B1804 /* Frameworks */ = {
			isa = PBXFrameworksBuildPhase;
			buildActionMask = 2147483647;
			files = (
			);
			runOnlyForDeploymentPostprocessing = 0;
		};
/* End PBXFrameworksBuildPhase section */

/* Begin PBXGroup section */
		06E34FEB1DAB2B71007B1804 = {
			isa = PBXGroup;
			children = (
				06E34FF61DAB2B72007B1804 /* CalcArrayPoints */,
				06E34FF51DAB2B72007B1804 /* Products */,
			);
			sourceTree = "<group>";
		};
		06E34FF51DAB2B72007B1804 /* Products */ = {
			isa = PBXGroup;
			children = (
				06E34FF41DAB2B72007B1804 /* CalcArrayPoints */,
			);
			name = Products;
			sourceTree = "<group>";
		};
		06E34FF61DAB2B72007B1804 /* CalcArrayPoints */ = {
			isa = PBXGroup;
			children = (
				06E34FF71DAB2B72007B1804 /* main.swift */,
			);
			path = CalcArrayPoints;
			sourceTree = "<group>";
		};
/* End PBXGroup section */

/* Begin PBXNativeTarget section */
		06E34FF31DAB2B71007B1804 /* CalcArrayPoints */ = {
			isa = PBXNativeTarget;
			buildConfigurationList = 06E34FFB1DAB2B72007B1804 /* Build configuration list for PBXNativeTarget "CalcArrayPoints" */;
			buildPhases = (
				06E34FF01DAB2B71007B1804 /* Sources */,
				06E34FF11DAB2B71007B1804 /* Frameworks */,
				06E34FF21DAB2B71007B1804 /* CopyFiles */,
			);
			buildRules = (
			);
			dependencies = (
			);
			name = CalcArrayPoints;
			productName = CalcArrayPoints;
			productReference = 06E34FF41DAB2B72007B1804 /* CalcArrayPoints */;
			productType = "com.apple.product-type.tool";
		};
/* End PBXNativeTarget section */

/* Begin PBXProject section */
		06E34FEC1DAB2B71007B1804 /* Project object */ = {
			isa = PBXProject;
			attributes = {
				LastSwiftUpdateCheck = 0800;
				LastUpgradeCheck = 0800;
				ORGANIZATIONNAME = "Chris Ross";
				TargetAttributes = {
					06E34FF31DAB2B71007B1804 = {
						CreatedOnToolsVersion = 8.0;
						DevelopmentTeam = 634R4DCUT7;
						ProvisioningStyle = Automatic;
					};
				};
			};
			buildConfigurationList = 06E34FEF1DAB2B71007B1804 /* Build configuration list for PBXProject "CalcArrayPoints" */;
			compatibilityVersion = "Xcode 3.2";
			developmentRegion = English;
			hasScannedForEncodings = 0;
			knownRegions = (
				en,
			);
			mainGroup = 06E34FEB1DAB2B71007B1804;
			productRefGroup = 06E34FF51DAB2B72007B1804 /* Products */;
			projectDirPath = "";
			projectRoot = "";
			targets = (
				06E34FF31DAB2B71007B1804 /* CalcArrayPoints */,
			);
		};
/* End PBXProject section */

/* Begin PBXSourcesBuildPhase section */
		06E34FF01DAB2B71007B1804 /* Sources */ = {
			isa = PBXSourcesBuildPhase;
			buildActionMask = 2147483647;
			files = (
				06E34FF81DAB2B72007B1804 /* main.swift in Sources */,
			);
			runOnlyForDeploymentPostprocessing = 0;
		};
/* End PBXSourcesBuildPhase section */

/* Begin XCBuildConfiguration section */
		06E34FF91DAB2B72007B1804 /* Debug */ = {
			isa = XCBuildConfiguration;
			buildSettings = {
				ALWAYS_SEARCH_USER_PATHS = NO;
				CLANG_ANALYZER_NONNULL = YES;
				CLANG_CXX_LANGUAGE_STANDARD = "gnu++0x";
				CLANG_CXX_LIBRARY = "libc++";
				CLANG_ENABLE_MODULES = YES;
				CLANG_ENABLE_OBJC_ARC = YES;
				CLANG_WARN_BOOL_CONVERSION = YES;
				CLANG_WARN_CONSTANT_CONVERSION = YES;
				CLANG_WARN_DIRECT_OBJC_ISA_USAGE = YES_ERROR;
				CLANG_WARN_DOCUMENTATION_COMMENTS = YES;
				CLANG_WARN_EMPTY_BODY = YES;
				CLANG_WARN_ENUM_CONVERSION = YES;
				CLANG_WARN_INFINITE_RECURSION = YES;
				CLANG_WARN_INT_CONVERSION = YES;
				CLANG_WARN_OBJC_ROOT_CLASS = YES_ERROR;
				CLANG_WARN_SUSPICIOUS_MOVES = YES;
				CLANG_WARN_UNREACHABLE_CODE = YES;
				CLANG_WARN__DUPLICATE_METHOD_MATCH = YES;
				CODE_SIGN_IDENTITY = "-";
				COPY_PHASE_STRIP = NO;
				DEBUG_INFORMATION_FORMAT = dwarf;
				ENABLE_STRICT_OBJC_MSGSEND = YES;
				ENABLE_TESTABILITY = YES;
				GCC_C_LANGUAGE_STANDARD = gnu99;
				GCC_DYNAMIC_NO_PIC = NO;
				GCC_NO_COMMON_BLOCKS = YES;
				GCC_OPTIMIZATION_LEVEL = 0;
				GCC_PREPROCESSOR_DEFINITIONS = (
					"DEBUG=1",
					"$(inherited)",
				);
				GCC_WARN_64_TO_32_BIT_CONVERSION = YES;
				GCC_WARN_ABOUT_RETURN_TYPE = YES_ERROR;
				GCC_WARN_UNDECLARED_SELECTOR = YES;
				GCC_WARN_UNINITIALIZED_AUTOS = YES_AGGRESSIVE;
				GCC_WARN_UNUSED_FUNCTION = YES;
				GCC_WARN_UNUSED_VARIABLE = YES;
				MACOSX_DEPLOYMENT_TARGET = 10.12;
				MTL_ENABLE_DEBUG_INFO = YES;
				ONLY_ACTIVE_ARCH = YES;
				SDKROOT = macosx;
				SWIFT_OPTIMIZATION_LEVEL = "-Onone";
			};
			name = Debug;
		};
		06E34FFA1DAB2B72007B1804 /* Release */ = {
			isa = XCBuildConfiguration;
			buildSettings = {
				ALWAYS_SEARCH_USER_PATHS = NO;
				CLANG_ANALYZER_NONNULL = YES;
				CLANG_CXX_LANGUAGE_STANDARD = "gnu++0x";
				CLANG_CXX_LIBRARY = "libc++";
				CLANG_ENABLE_MODULES = YES;
				CLANG_ENABLE_OBJC_ARC = YES;
				CLANG_WARN_BOOL_CONVERSION = YES;
				CLANG_WARN_CONSTANT_CONVERSION = YES;
				CLANG_WARN_DIRECT_OBJC_ISA_USAGE = YES_ERROR;
				CLANG_WARN_DOCUMENTATION_COMMENTS = YES;
				CLANG_WARN_EMPTY_BODY = YES;
				CLANG_WARN_ENUM_CONVERSION = YES;
				CLANG_WARN_INFINITE_RECURSION = YES;
				CLANG_WARN_INT_CONVERSION = YES;
				CLANG_WARN_OBJC_ROOT_CLASS = YES_ERROR;
				CLANG_WARN_SUSPICIOUS_MOVES = YES;
				CLANG_WARN_UNREACHABLE_CODE = YES;
				CLANG_WARN__DUPLICATE_METHOD_MATCH = YES;
				CODE_SIGN_IDENTITY = "-";
				COPY_PHASE_STRIP = NO;
				DEBUG_INFORMATION_FORMAT = "dwarf-with-dsym";
				ENABLE_NS_ASSERTIONS = NO;
				ENABLE_STRICT_OBJC_MSGSEND = YES;
				GCC_C_LANGUAGE_STANDARD = gnu99;
				GCC_NO_COMMON_BLOCKS = YES;
				GCC_WARN_64_TO_32_BIT_CONVERSION = YES;
				GCC_WARN_ABOUT_RETURN_TYPE = YES_ERROR;
				GCC_WARN_UNDECLARED_SELECTOR = YES;
				GCC_WARN_UNINITIALIZED_AUTOS = YES_AGGRESSIVE;
				GCC_WARN_UNUSED_FUNCTION = YES;
				GCC_WARN_UNUSED_VARIABLE = YES;
				MACOSX_DEPLOYMENT_TARGET = 10.12;
				MTL_ENABLE_DEBUG_INFO = NO;
				SDKROOT = macosx;
			};
			name = Release;
		};
		06E34FFC1DAB2B72007B1804 /* Debug */ = {
			isa = XCBuildConfiguration;
			buildSettings = {
				CODE_SIGN_IDENTITY = "Mac Developer";
				DEVELOPMENT_TEAM = 634R4DCUT7;
				PRODUCT_NAME = "$(TARGET_NAME)";
				SWIFT_VERSION = 3.0;
			};
			name = Debug;
		};
		06E34FFD1DAB2B72007B1804 /* Release */ = {
			isa = XCBuildConfiguration;
			buildSettings = {
				CODE_SIGN_IDENTITY = "Mac Developer";
				DEVELOPMENT_TEAM = 634R4DCUT7;
				PRODUCT_NAME = "$(TARGET_NAME)";
				SWIFT_VERSION = 3.0;
			};
			name = Release;
		};
/* End XCBuildConfiguration section */

/* Begin XCConfigurationList section */
		06E34FEF1DAB2B71007B1804 /* Build configuration list for PBXProject "CalcArrayPoints" */ = {
			isa = XCConfigurationList;
			buildConfigurations = (
				06E34FF91DAB2B72007B1804 /* Debug */,
				06E34FFA1DAB2B72007B1804 /* Release */,
			);
			defaultConfigurationIsVisible = 0;
			defaultConfigurationName = Release;
		};
		06E34FFB1DAB2B72007B1804 /* Build configuration list for PBXNativeTarget "CalcArrayPoints" */ = {
			isa = XCConfigurationList;
			buildConfigurations = (
				06E34FFC1DAB2B72007B1804 /* Debug */,
				06E34FFD1DAB2B72007B1804 /* Release */,
			);
			defaultConfigurationIsVisible = 0;
		};
/* End XCConfigurationList section */
	};
	rootObject = 06E34FEC1DAB2B71007B1804 /* Project object */;
}
